
Microsoft Visual Studio Solution File, Format Version 12.00
# Visual Studio Version 16
VisualStudioVersion = 16.0.29709.97
MinimumVisualStudioVersion = 10.0.40219.1
Project("{FAE04EC0-301F-11D3-BF4B-00C04F79EFBC}") = "Museum_Prototypes", "Museum_Prototypes\Museum_Prototypes.csproj", "{474A03E6-BFB4-4895-9C75-9263527CE4B8}"
EndProject
Global
	GlobalSection(SolutionConfigurationPlatforms) = preSolution
		Debug|Any CPU = Debug|Any CPU
		Release|Any CPU = Release|Any CPU
	EndGlobalSection
	GlobalSection(ProjectConfigurationPlatforms) = postSolution
		{474A03E6-BFB4-4895-9C75-9263527CE4B8}.Debug|Any CPU.ActiveCfg = Debug|Any CPU
		{474A03E6-BFB4-4895-9C75-9263527CE4B8}.Debug|Any CPU.Build.0 = Debug|Any CPU
		{474A03E6-BFB4-4895-9C75-9263527CE4B8}.Release|Any CPU.ActiveCfg = Release|Any CPU
		{474A03E6-BFB4-4895-9C75-9263527CE4B8}.Release|Any CPU.Build.0 = Release|Any CPU
	EndGlobalSection
	GlobalSection(SolutionProperties) = preSolution
		HideSolutionNode = FALSE
	EndGlobalSection
	GlobalSection(ExtensibilityGlobals) = postSolution
		SolutionGuid = {459AD44B-DE8E-4EFF-9608-8788BF471B31}
	EndGlobalSection
EndGlobal
